
Microsoft Visual Studio Solution File, Format Version 12.00
# Visual Studio Version 17
VisualStudioVersion = 17.10.35122.118
MinimumVisualStudioVersion = 10.0.40219.1
Project("{FAE04EC0-301F-11D3-BF4B-00C04F79EFBC}") = "Yuzu.ProductMonitor", "Yuzu.ProductMonitor\Yuzu.ProductMonitor.csproj", "{12DC4317-6AF5-400C-95FC-B59C40DC310E}"
EndProject
Global
	GlobalSection(SolutionConfigurationPlatforms) = preSolution
		Debug|Any CPU = Debug|Any CPU
		Release|Any CPU = Release|Any CPU
	EndGlobalSection
	GlobalSection(ProjectConfigurationPlatforms) = postSolution
		{12DC4317-6AF5-400C-95FC-B59C40DC310E}.Debug|Any CPU.ActiveCfg = Debug|Any CPU
		{12DC4317-6AF5-400C-95FC-B59C40DC310E}.Debug|Any CPU.Build.0 = Debug|Any CPU
		{12DC4317-6AF5-400C-95FC-B59C40DC310E}.Release|Any CPU.ActiveCfg = Release|Any CPU
		{12DC4317-6AF5-400C-95FC-B59C40DC310E}.Release|Any CPU.Build.0 = Release|Any CPU
	EndGlobalSection
	GlobalSection(SolutionProperties) = preSolution
		HideSolutionNode = FALSE
	EndGlobalSection
	GlobalSection(ExtensibilityGlobals) = postSolution
		SolutionGuid = {88E68F3A-6E71-44AA-9143-F73B706FDDFD}
	EndGlobalSection
EndGlobal
